
Microsoft Visual Studio Solution File, Format Version 12.00
# Visual Studio Version 16
VisualStudioVersion = 16.0.30309.148
MinimumVisualStudioVersion = 10.0.40219.1
Project("{FAE04EC0-301F-11D3-BF4B-00C04F79EFBC}") = "Task_1727", "Task_1727\Task_1727.csproj", "{3E4D937E-7AFF-46CE-963C-B62F00640193}"
EndProject
Global
	GlobalSection(SolutionConfigurationPlatforms) = preSolution
		Debug|Any CPU = Debug|Any CPU
		Release|Any CPU = Release|Any CPU
	EndGlobalSection
	GlobalSection(ProjectConfigurationPlatforms) = postSolution
		{3E4D937E-7AFF-46CE-963C-B62F00640193}.Debug|Any CPU.ActiveCfg = Debug|Any CPU
		{3E4D937E-7AFF-46CE-963C-B62F00640193}.Debug|Any CPU.Build.0 = Debug|Any CPU
		{3E4D937E-7AFF-46CE-963C-B62F00640193}.Release|Any CPU.ActiveCfg = Release|Any CPU
		{3E4D937E-7AFF-46CE-963C-B62F00640193}.Release|Any CPU.Build.0 = Release|Any CPU
	EndGlobalSection
	GlobalSection(SolutionProperties) = preSolution
		HideSolutionNode = FALSE
	EndGlobalSection
	GlobalSection(ExtensibilityGlobals) = postSolution
		SolutionGuid = {97185C21-320A-4F50-90C6-4001C8F73180}
	EndGlobalSection
EndGlobal
